{
  "version": 4,
  "terraform_version": "1.1.9",
  "serial": 5,
  "lineage": "4c1be9c0-23c6-cef3-4f65-1da800b14ea4",
  "outputs": {},
  "resources": [
    {
      "mode": "managed",
      "type": "helm_release",
      "name": "hello-world",
      "provider": "provider[\"registry.terraform.io/hashicorp/helm\"].stable",
      "instances": [
        {
          "schema_version": 0,
          "attributes": {
            "chart": "./charts/hello-world",
            "devel": null,
            "disable_crd_hooks": false,
            "disable_webhooks": false,
            "force_update": false,
            "id": "hello-world",
            "keyring": null,
            "metadata": [
              {
                "chart": "hello-world",
                "name": "hello-world",
                "namespace": "default",
                "revision": 2,
                "values": "fullnameOverride: \"\"\nimage:\n  pullPolicy: IfNotPresent\n  repository: nginx\n  tag: \"\"\nkafka-rebalance-timeout-ms: \"1800000\"\nkafka-session-timeout-ms: \"1800000\"\nnameOverride: \"\"\nreplicaCount: 1\nservice:\n  port: 80\n  type: ClusterIP\nserviceAccount:\n  annotations: {}\n  create: true\n  name: \"\"\n",
                "version": "0.1.0"
              }
            ],
            "name": "hello-world",
            "namespace": "default",
            "recreate_pods": true,
            "repository": null,
            "reuse": false,
            "reuse_values": false,
            "set": [],
            "set_sensitive": [],
            "set_string": [
              {
                "name": "kafka-rebalance-timeout-ms",
                "value": "1800000"
              },
              {
                "name": "kafka-session-timeout-ms",
                "value": "1800000"
              }
            ],
            "status": "DEPLOYED",
            "timeout": 300,
            "values": [
              "# Default values for hello-world.\n# This is a YAML-formatted file.\n# Declare variables to be passed into your templates.\n\nreplicaCount: 1\n\nimage:\n  repository: nginx\n  pullPolicy: IfNotPresent\n  # Overrides the image tag whose default is the chart appVersion.\n  tag: \"\"\n\nnameOverride: \"\"\nfullnameOverride: \"\"\n\nserviceAccount:\n  # Specifies whether a service account should be created\n  create: true\n  # Annotations to add to the service account\n  annotations: {}\n  # The name of the service account to use.\n  # If not set and create is true, a name is generated using the fullname template\n  name: \"\"\n\nservice:\n  type: ClusterIP\n  port: 80\n"
            ],
            "verify": false,
            "version": "0.1.0",
            "wait": true
          },
          "sensitive_attributes": [],
          "private": "bnVsbA=="
        }
      ]
    }
  ]
}
